# THIS IS AN AUTOGENERATED FILE. DO NOT EDIT THIS FILE DIRECTLY.
# yarn lockfile v1


"@tensorflow-models/posenet@^2.2.0":
  version "2.2.0"
  resolved "https://registry.yarnpkg.com/@tensorflow-models/posenet/-/posenet-2.2.0.tgz#af2237b018a8bb46c8e53e7e1817277fa368d134"
  integrity sha512-z5KCVHWtVV4f+q0kby6DrDyKxZKgl882Yr4JoT4g0x9l3osJ7NrKb0OJFcZj3lB0rSvjdH4uZ9mdC0h/7ovWLA==
