# THIS IS AN AUTOGENERATED FILE. DO NOT EDIT THIS FILE DIRECTLY.
# yarn lockfile v1


"@tensorflow-models/posenet@^2.2.0":
  version "2.2.0"
  resolved "https://registry.yarnpkg.com/@tensorflow-models/posenet/-/posenet-2.2.0.tgz#af2237b018a8bb46c8e53e7e1817277fa368d134"
  integrity sha512-z5KCVHWtVV4f+q0kby6DrDyKxZKgl882Yr4JoT4g0x9l3osJ7NrKb0OJFcZj3lB0rSvjdH4uZ9mdC0h/7ovWLA==

"@tensorflow/tfjs-converter@1.3.2":
  version "1.3.2"
  resolved "https://registry.yarnpkg.com/@tensorflow/tfjs-converter/-/tfjs-converter-1.3.2.tgz#9c75b75edbd56c736735f3ea3d3c53d1e1a2751c"
  integrity sha512-HTGT5sinSzayH/RXwoeebtc5pwTU9E3JzlcLfBa0HZVkkeKadhtzqh3QH+BFuuNsvX691AiIHv4P7SylUu1XQg==

"@tensorflow/tfjs-core@1.3.2":
  version "1.3.2"
  resolved "https://registry.yarnpkg.com/@tensorflow/tfjs-core/-/tfjs-core-1.3.2.tgz#7dcf66510e404a6564f7f47cd854eff936b58c5a"
  integrity sha512-42WlbkbD10F11qN7k+GMjdPB62DGGnz7czkvk+lT501qWUrQI8swTjZfgMijcTWyQSeJuLa97EOL9n/Gn3Yfpw==
  dependencies:
    "@types/offscreencanvas" "~2019.3.0"
    "@types/seedrandom" "2.4.27"
    "@types/webgl-ext" "0.0.30"
    "@types/webgl2" "0.0.4"
    node-fetch "~2.1.2"
    seedrandom "2.4.3"

"@tensorflow/tfjs-data@1.3.2":
  version "1.3.2"
  resolved "https://registry.yarnpkg.com/@tensorflow/tfjs-data/-/tfjs-data-1.3.2.tgz#311c510213b1ba26ebc1d989e21ae0af3feac8be"
  integrity sha512-1Ed6rb1OAcQc70jQqAN6UYch56p7FHafQ4cDzEDoS1tgfn0Of6Gb3KETa0RJMIpWvlrr/Oa5qwqDk8Tlusn7+Q==
  dependencies:
    "@types/node-fetch" "^2.1.2"
    node-fetch "~2.1.2"

"@tensorflow/tfjs-layers@1.3.2":
  version "1.3.2"
  resolved "https://registry.yarnpkg.com/@tensorflow/tfjs-layers/-/tfjs-layers-1.3.2.tgz#1691513bce5d49f95c0aad9ee3a22eda5742828e"
  integrity sha512-Y+zsoXlXWYopv+u3woMgE18TsEtzcRUVdgMQxuQm1FGRFAltyKxHzVO44b/nVdC59kRHIv0wrLU4G2hSQlprqA==

"@tensorflow/tfjs@^1.3.2":
  version "1.3.2"
  resolved "https://registry.yarnpkg.com/@tensorflow/tfjs/-/tfjs-1.3.2.tgz#1a7868a68a52a335e84adea9d544cc150bf86116"
  integrity sha512-2QrKHtM6DraAgWL9DJwluz+/CJ5EbPN9tdNAFGq83fSUm3cNEK37UPsWdQ1QXXBqMczg1uyLEmPgFq6Lsy2/Vg==
  dependencies:
    "@tensorflow/tfjs-converter" "1.3.2"
    "@tensorflow/tfjs-core" "1.3.2"
    "@tensorflow/tfjs-data" "1.3.2"
    "@tensorflow/tfjs-layers" "1.3.2"

"@types/node-fetch@^2.1.2":
  version "2.5.3"
  resolved "https://registry.yarnpkg.com/@types/node-fetch/-/node-fetch-2.5.3.tgz#b84127facd93642b1fb6439bc630ba0612e3ec50"
  integrity sha512-X3TNlzZ7SuSwZsMkb5fV7GrPbVKvHc2iwHmslb8bIxRKWg2iqkfm3F/Wd79RhDpOXR7wCtKAwc5Y2JE6n/ibyw==
  dependencies:
    "@types/node" "*"

"@types/node@*":
  version "12.12.9"
  resolved "https://registry.yarnpkg.com/@types/node/-/node-12.12.9.tgz#0b5ae05516b757cbff2e82c04500190aef986c7b"
  integrity sha512-kV3w4KeLsRBW+O2rKhktBwENNJuqAUQHS3kf4ia2wIaF/MN6U7ANgTsx7tGremcA0Pk3Yh0Hl0iKiLPuBdIgmw==

"@types/offscreencanvas@~2019.3.0":
  version "2019.3.0"
  resolved "https://registry.yarnpkg.com/@types/offscreencanvas/-/offscreencanvas-2019.3.0.tgz#3336428ec7e9180cf4566dfea5da04eb586a6553"
  integrity sha512-esIJx9bQg+QYF0ra8GnvfianIY8qWB0GBx54PK5Eps6m+xTj86KLavHv6qDhzKcu5UUOgNfJ2pWaIIV7TRUd9Q==

"@types/seedrandom@2.4.27":
  version "2.4.27"
  resolved "https://registry.yarnpkg.com/@types/seedrandom/-/seedrandom-2.4.27.tgz#9db563937dd86915f69092bc43259d2f48578e41"
  integrity sha1-nbVjk33YaRX2kJK8QyWdL0hXjkE=

"@types/webgl-ext@0.0.30":
  version "0.0.30"
  resolved "https://registry.yarnpkg.com/@types/webgl-ext/-/webgl-ext-0.0.30.tgz#0ce498c16a41a23d15289e0b844d945b25f0fb9d"
  integrity sha512-LKVgNmBxN0BbljJrVUwkxwRYqzsAEPcZOe6S2T6ZaBDIrFp0qu4FNlpc5sM1tGbXUYFgdVQIoeLk1Y1UoblyEg==

"@types/webgl2@0.0.4":
  version "0.0.4"
  resolved "https://registry.yarnpkg.com/@types/webgl2/-/webgl2-0.0.4.tgz#c3b0f9d6b465c66138e84e64cb3bdf8373c2c279"
  integrity sha512-PACt1xdErJbMUOUweSrbVM7gSIYm1vTncW2hF6Os/EeWi6TXYAYMPp+8v6rzHmypE5gHrxaxZNXgMkJVIdZpHw==

node-fetch@~2.1.2:
  version "2.1.2"
  resolved "https://registry.yarnpkg.com/node-fetch/-/node-fetch-2.1.2.tgz#ab884e8e7e57e38a944753cec706f788d1768bb5"
  integrity sha1-q4hOjn5X44qUR1POxwb3iNF2i7U=

seedrandom@2.4.3:
  version "2.4.3"
  resolved "https://registry.yarnpkg.com/seedrandom/-/seedrandom-2.4.3.tgz#2438504dad33917314bff18ac4d794f16d6aaecc"
  integrity sha1-JDhQTa0zkXMUv/GKxNeU8W1qrsw=

typescript@^3.7.2:
  version "3.7.2"
  resolved "https://registry.yarnpkg.com/typescript/-/typescript-3.7.2.tgz#27e489b95fa5909445e9fef5ee48d81697ad18fb"
  integrity sha512-ml7V7JfiN2Xwvcer+XAf2csGO1bPBdRbFCkYBczNZggrBZ9c7G3riSUeJmqEU5uOtXNPMhE3n+R4FA/3YOAWOQ==
